
Microsoft Visual Studio Solution File, Format Version 12.00
# Visual Studio Version 16
VisualStudioVersion = 16.0.30611.23
MinimumVisualStudioVersion = 10.0.40219.1
Project("{FAE04EC0-301F-11D3-BF4B-00C04F79EFBC}") = "Less001_Task4", "Less001_Task4\Less001_Task4.csproj", "{302CB596-FB3E-4013-BE56-C78554619AED}"
EndProject
Global
	GlobalSection(SolutionConfigurationPlatforms) = preSolution
		Debug|Any CPU = Debug|Any CPU
		Release|Any CPU = Release|Any CPU
	EndGlobalSection
	GlobalSection(ProjectConfigurationPlatforms) = postSolution
		{302CB596-FB3E-4013-BE56-C78554619AED}.Debug|Any CPU.ActiveCfg = Debug|Any CPU
		{302CB596-FB3E-4013-BE56-C78554619AED}.Debug|Any CPU.Build.0 = Debug|Any CPU
		{302CB596-FB3E-4013-BE56-C78554619AED}.Release|Any CPU.ActiveCfg = Release|Any CPU
		{302CB596-FB3E-4013-BE56-C78554619AED}.Release|Any CPU.Build.0 = Release|Any CPU
	EndGlobalSection
	GlobalSection(SolutionProperties) = preSolution
		HideSolutionNode = FALSE
	EndGlobalSection
	GlobalSection(ExtensibilityGlobals) = postSolution
		SolutionGuid = {183DF5F0-A117-4C8B-BF9F-20A64E602DB9}
	EndGlobalSection
EndGlobal
